
Microsoft Visual Studio Solution File, Format Version 12.00
# Visual Studio Version 17
VisualStudioVersion = 17.0.32126.317
MinimumVisualStudioVersion = 10.0.40219.1
Project("{9A19103F-16F7-4668-BE54-9A1E7A4F7556}") = "Wordlerererer.App", "Wordlerererer.App\Wordlerererer.App.csproj", "{5418DDE5-AD31-492A-B659-C4899B0FD372}"
EndProject
Project("{9A19103F-16F7-4668-BE54-9A1E7A4F7556}") = "WordleGen", "WordleGen\WordleGen.csproj", "{259898D4-5B0F-47E0-99CF-471D708A457D}"
EndProject
Global
	GlobalSection(SolutionConfigurationPlatforms) = preSolution
		Debug|Any CPU = Debug|Any CPU
		Release|Any CPU = Release|Any CPU
	EndGlobalSection
	GlobalSection(ProjectConfigurationPlatforms) = postSolution
		{5418DDE5-AD31-492A-B659-C4899B0FD372}.Debug|Any CPU.ActiveCfg = Debug|Any CPU
		{5418DDE5-AD31-492A-B659-C4899B0FD372}.Debug|Any CPU.Build.0 = Debug|Any CPU
		{5418DDE5-AD31-492A-B659-C4899B0FD372}.Release|Any CPU.ActiveCfg = Release|Any CPU
		{5418DDE5-AD31-492A-B659-C4899B0FD372}.Release|Any CPU.Build.0 = Release|Any CPU
		{259898D4-5B0F-47E0-99CF-471D708A457D}.Debug|Any CPU.ActiveCfg = Debug|Any CPU
		{259898D4-5B0F-47E0-99CF-471D708A457D}.Debug|Any CPU.Build.0 = Debug|Any CPU
		{259898D4-5B0F-47E0-99CF-471D708A457D}.Release|Any CPU.ActiveCfg = Release|Any CPU
		{259898D4-5B0F-47E0-99CF-471D708A457D}.Release|Any CPU.Build.0 = Release|Any CPU
	EndGlobalSection
	GlobalSection(SolutionProperties) = preSolution
		HideSolutionNode = FALSE
	EndGlobalSection
	GlobalSection(ExtensibilityGlobals) = postSolution
		SolutionGuid = {972DD527-7056-4362-9CA3-4A1EFF744509}
	EndGlobalSection
EndGlobal
